
Microsoft Visual Studio Solution File, Format Version 12.00
# Visual Studio Version 17
VisualStudioVersion = 17.7.34009.444
MinimumVisualStudioVersion = 10.0.40219.1
Project("{9A19103F-16F7-4668-BE54-9A1E7A4F7556}") = "ProjectAConsoleApp", "LessonA\ProjectAConsoleApp.csproj", "{7EAF1A7E-9648-4B71-81EA-3DEC34A7F5D9}"
EndProject
Project("{FAE04EC0-301F-11D3-BF4B-00C04F79EFBC}") = "LIbraryTutorial", "..\..\LIbraryTutorial\LIbraryTutorial.csproj", "{266CC631-1FF4-48CA-89E6-C27888A727FC}"
EndProject
Global
	GlobalSection(SolutionConfigurationPlatforms) = preSolution
		Debug|Any CPU = Debug|Any CPU
		Release|Any CPU = Release|Any CPU
	EndGlobalSection
	GlobalSection(ProjectConfigurationPlatforms) = postSolution
		{7EAF1A7E-9648-4B71-81EA-3DEC34A7F5D9}.Debug|Any CPU.ActiveCfg = Debug|Any CPU
		{7EAF1A7E-9648-4B71-81EA-3DEC34A7F5D9}.Debug|Any CPU.Build.0 = Debug|Any CPU
		{7EAF1A7E-9648-4B71-81EA-3DEC34A7F5D9}.Release|Any CPU.ActiveCfg = Release|Any CPU
		{7EAF1A7E-9648-4B71-81EA-3DEC34A7F5D9}.Release|Any CPU.Build.0 = Release|Any CPU
		{266CC631-1FF4-48CA-89E6-C27888A727FC}.Debug|Any CPU.ActiveCfg = Debug|Any CPU
		{266CC631-1FF4-48CA-89E6-C27888A727FC}.Debug|Any CPU.Build.0 = Debug|Any CPU
		{266CC631-1FF4-48CA-89E6-C27888A727FC}.Release|Any CPU.ActiveCfg = Release|Any CPU
		{266CC631-1FF4-48CA-89E6-C27888A727FC}.Release|Any CPU.Build.0 = Release|Any CPU
	EndGlobalSection
	GlobalSection(SolutionProperties) = preSolution
		HideSolutionNode = FALSE
	EndGlobalSection
	GlobalSection(ExtensibilityGlobals) = postSolution
		SolutionGuid = {87EE3724-6FF7-426E-BCBC-8F68C3439AB9}
	EndGlobalSection
EndGlobal
